
Microsoft Visual Studio Solution File, Format Version 12.00
# Visual Studio Version 17
VisualStudioVersion = 17.2.32616.157
MinimumVisualStudioVersion = 10.0.40219.1
Project("{FAE04EC0-301F-11D3-BF4B-00C04F79EFBC}") = "HL.Model", "HL.Model\HL.Model.csproj", "{83B1F759-4A74-4692-BED2-5FE8AF80E51C}"
EndProject
Project("{FAE04EC0-301F-11D3-BF4B-00C04F79EFBC}") = "HL.Service", "HL.Service\HL.Service.csproj", "{4C967977-08E8-4ED6-950F-B64D899215C1}"
EndProject
Project("{FAE04EC0-301F-11D3-BF4B-00C04F79EFBC}") = "HL.Test", "HL.Test\HL.Test.csproj", "{0DBEFE0F-3120-4E7A-9295-C59C7EE94F94}"
EndProject
Project("{FAE04EC0-301F-11D3-BF4B-00C04F79EFBC}") = "HL.Data", "HL.Data\HL.Data.csproj", "{54A2E11E-0757-44E7-9BE5-06D83572459A}"
EndProject
Project("{FAE04EC0-301F-11D3-BF4B-00C04F79EFBC}") = "HL.WebAPI", "HL.WebAPI\HL.WebAPI.csproj", "{0EC6FCCF-4500-401A-A266-8158462FB46D}"
EndProject
Global
	GlobalSection(SolutionConfigurationPlatforms) = preSolution
		Debug|Any CPU = Debug|Any CPU
		Release|Any CPU = Release|Any CPU
	EndGlobalSection
	GlobalSection(ProjectConfigurationPlatforms) = postSolution
		{83B1F759-4A74-4692-BED2-5FE8AF80E51C}.Debug|Any CPU.ActiveCfg = Debug|Any CPU
		{83B1F759-4A74-4692-BED2-5FE8AF80E51C}.Debug|Any CPU.Build.0 = Debug|Any CPU
		{83B1F759-4A74-4692-BED2-5FE8AF80E51C}.Release|Any CPU.ActiveCfg = Release|Any CPU
		{83B1F759-4A74-4692-BED2-5FE8AF80E51C}.Release|Any CPU.Build.0 = Release|Any CPU
		{4C967977-08E8-4ED6-950F-B64D899215C1}.Debug|Any CPU.ActiveCfg = Debug|Any CPU
		{4C967977-08E8-4ED6-950F-B64D899215C1}.Debug|Any CPU.Build.0 = Debug|Any CPU
		{4C967977-08E8-4ED6-950F-B64D899215C1}.Release|Any CPU.ActiveCfg = Release|Any CPU
		{4C967977-08E8-4ED6-950F-B64D899215C1}.Release|Any CPU.Build.0 = Release|Any CPU
		{0DBEFE0F-3120-4E7A-9295-C59C7EE94F94}.Debug|Any CPU.ActiveCfg = Debug|Any CPU
		{0DBEFE0F-3120-4E7A-9295-C59C7EE94F94}.Debug|Any CPU.Build.0 = Debug|Any CPU
		{0DBEFE0F-3120-4E7A-9295-C59C7EE94F94}.Release|Any CPU.ActiveCfg = Release|Any CPU
		{0DBEFE0F-3120-4E7A-9295-C59C7EE94F94}.Release|Any CPU.Build.0 = Release|Any CPU
		{54A2E11E-0757-44E7-9BE5-06D83572459A}.Debug|Any CPU.ActiveCfg = Debug|Any CPU
		{54A2E11E-0757-44E7-9BE5-06D83572459A}.Debug|Any CPU.Build.0 = Debug|Any CPU
		{54A2E11E-0757-44E7-9BE5-06D83572459A}.Release|Any CPU.ActiveCfg = Release|Any CPU
		{54A2E11E-0757-44E7-9BE5-06D83572459A}.Release|Any CPU.Build.0 = Release|Any CPU
		{0EC6FCCF-4500-401A-A266-8158462FB46D}.Debug|Any CPU.ActiveCfg = Debug|Any CPU
		{0EC6FCCF-4500-401A-A266-8158462FB46D}.Debug|Any CPU.Build.0 = Debug|Any CPU
		{0EC6FCCF-4500-401A-A266-8158462FB46D}.Release|Any CPU.ActiveCfg = Release|Any CPU
		{0EC6FCCF-4500-401A-A266-8158462FB46D}.Release|Any CPU.Build.0 = Release|Any CPU
	EndGlobalSection
	GlobalSection(SolutionProperties) = preSolution
		HideSolutionNode = FALSE
	EndGlobalSection
	GlobalSection(ExtensibilityGlobals) = postSolution
		SolutionGuid = {B0E3E712-7CA6-4EBD-AA86-78B7B6BA1494}
	EndGlobalSection
EndGlobal
